
Microsoft Visual Studio Solution File, Format Version 12.00
# Visual Studio Version 16
VisualStudioVersion = 16.0.29512.175
MinimumVisualStudioVersion = 10.0.40219.1
Project("{2150E333-8FDC-42A3-9474-1A3956D46DE8}") = "TipCalculator", "TipCalculator", "{A639AB63-BFE4-4F71-9A18-0CD7A1E3D8F8}"
EndProject
Project("{9A19103F-16F7-4668-BE54-9A1E7A4F7556}") = "TipCalculator.Core", "TipCalculator.Core\TipCalculator.Core.csproj", "{A66F9700-65B4-40B9-9103-E2A024A6CB60}"
EndProject
Project("{FAE04EC0-301F-11D3-BF4B-00C04F79EFBC}") = "TipCalculator.Android", "TipCalculator.Android\TipCalculator.Android.csproj", "{E8F749B3-999D-4372-AB4A-7A14E94222EC}"
EndProject
Project("{FAE04EC0-301F-11D3-BF4B-00C04F79EFBC}") = "TipCalculator.iOS", "TipCalculator.iOS\TipCalculator.iOS.csproj", "{1001895E-9F42-4D6A-AE69-08AF46CF2807}"
EndProject
Project("{2150E333-8FDC-42A3-9474-1A3956D46DE8}") = "Factorial", "Factorial", "{94DD9F16-C635-4C62-8EEB-6D4837A248AF}"
EndProject
Project("{9A19103F-16F7-4668-BE54-9A1E7A4F7556}") = "Factorial.Core", "Factorial.Core\Factorial.Core.csproj", "{1790427C-7D89-4D80-9253-89D366D54797}"
EndProject
Project("{FAE04EC0-301F-11D3-BF4B-00C04F79EFBC}") = "Factorial.Android", "Factorial.Android\Factorial.Android.csproj", "{95C3E9B9-ACDF-4412-AE4E-9A029D9989EF}"
EndProject
Global
	GlobalSection(SolutionConfigurationPlatforms) = preSolution
		Debug|Any CPU = Debug|Any CPU
		Debug|iPhone = Debug|iPhone
		Debug|iPhoneSimulator = Debug|iPhoneSimulator
		Release|Any CPU = Release|Any CPU
		Release|iPhone = Release|iPhone
		Release|iPhoneSimulator = Release|iPhoneSimulator
	EndGlobalSection
	GlobalSection(ProjectConfigurationPlatforms) = postSolution
		{A66F9700-65B4-40B9-9103-E2A024A6CB60}.Debug|Any CPU.ActiveCfg = Debug|Any CPU
		{A66F9700-65B4-40B9-9103-E2A024A6CB60}.Debug|Any CPU.Build.0 = Debug|Any CPU
		{A66F9700-65B4-40B9-9103-E2A024A6CB60}.Debug|iPhone.ActiveCfg = Debug|Any CPU
		{A66F9700-65B4-40B9-9103-E2A024A6CB60}.Debug|iPhone.Build.0 = Debug|Any CPU
		{A66F9700-65B4-40B9-9103-E2A024A6CB60}.Debug|iPhoneSimulator.ActiveCfg = Debug|Any CPU
		{A66F9700-65B4-40B9-9103-E2A024A6CB60}.Debug|iPhoneSimulator.Build.0 = Debug|Any CPU
		{A66F9700-65B4-40B9-9103-E2A024A6CB60}.Release|Any CPU.ActiveCfg = Release|Any CPU
		{A66F9700-65B4-40B9-9103-E2A024A6CB60}.Release|Any CPU.Build.0 = Release|Any CPU
		{A66F9700-65B4-40B9-9103-E2A024A6CB60}.Release|iPhone.ActiveCfg = Release|Any CPU
		{A66F9700-65B4-40B9-9103-E2A024A6CB60}.Release|iPhone.Build.0 = Release|Any CPU
		{A66F9700-65B4-40B9-9103-E2A024A6CB60}.Release|iPhoneSimulator.ActiveCfg = Release|Any CPU
		{A66F9700-65B4-40B9-9103-E2A024A6CB60}.Release|iPhoneSimulator.Build.0 = Release|Any CPU
		{E8F749B3-999D-4372-AB4A-7A14E94222EC}.Debug|Any CPU.ActiveCfg = Debug|Any CPU
		{E8F749B3-999D-4372-AB4A-7A14E94222EC}.Debug|Any CPU.Build.0 = Debug|Any CPU
		{E8F749B3-999D-4372-AB4A-7A14E94222EC}.Debug|Any CPU.Deploy.0 = Debug|Any CPU
		{E8F749B3-999D-4372-AB4A-7A14E94222EC}.Debug|iPhone.ActiveCfg = Debug|Any CPU
		{E8F749B3-999D-4372-AB4A-7A14E94222EC}.Debug|iPhone.Build.0 = Debug|Any CPU
		{E8F749B3-999D-4372-AB4A-7A14E94222EC}.Debug|iPhone.Deploy.0 = Debug|Any CPU
		{E8F749B3-999D-4372-AB4A-7A14E94222EC}.Debug|iPhoneSimulator.ActiveCfg = Debug|Any CPU
		{E8F749B3-999D-4372-AB4A-7A14E94222EC}.Debug|iPhoneSimulator.Build.0 = Debug|Any CPU
		{E8F749B3-999D-4372-AB4A-7A14E94222EC}.Debug|iPhoneSimulator.Deploy.0 = Debug|Any CPU
		{E8F749B3-999D-4372-AB4A-7A14E94222EC}.Release|Any CPU.ActiveCfg = Release|Any CPU
		{E8F749B3-999D-4372-AB4A-7A14E94222EC}.Release|Any CPU.Build.0 = Release|Any CPU
		{E8F749B3-999D-4372-AB4A-7A14E94222EC}.Release|Any CPU.Deploy.0 = Release|Any CPU
		{E8F749B3-999D-4372-AB4A-7A14E94222EC}.Release|iPhone.ActiveCfg = Release|Any CPU
		{E8F749B3-999D-4372-AB4A-7A14E94222EC}.Release|iPhone.Build.0 = Release|Any CPU
		{E8F749B3-999D-4372-AB4A-7A14E94222EC}.Release|iPhone.Deploy.0 = Release|Any CPU
		{E8F749B3-999D-4372-AB4A-7A14E94222EC}.Release|iPhoneSimulator.ActiveCfg = Release|Any CPU
		{E8F749B3-999D-4372-AB4A-7A14E94222EC}.Release|iPhoneSimulator.Build.0 = Release|Any CPU
		{E8F749B3-999D-4372-AB4A-7A14E94222EC}.Release|iPhoneSimulator.Deploy.0 = Release|Any CPU
		{1001895E-9F42-4D6A-AE69-08AF46CF2807}.Debug|Any CPU.ActiveCfg = Debug|iPhone
		{1001895E-9F42-4D6A-AE69-08AF46CF2807}.Debug|iPhone.ActiveCfg = Debug|iPhone
		{1001895E-9F42-4D6A-AE69-08AF46CF2807}.Debug|iPhone.Build.0 = Debug|iPhone
		{1001895E-9F42-4D6A-AE69-08AF46CF2807}.Debug|iPhoneSimulator.ActiveCfg = Debug|iPhoneSimulator
		{1001895E-9F42-4D6A-AE69-08AF46CF2807}.Debug|iPhoneSimulator.Build.0 = Debug|iPhoneSimulator
		{1001895E-9F42-4D6A-AE69-08AF46CF2807}.Release|Any CPU.ActiveCfg = Release|iPhone
		{1001895E-9F42-4D6A-AE69-08AF46CF2807}.Release|iPhone.ActiveCfg = Release|iPhone
		{1001895E-9F42-4D6A-AE69-08AF46CF2807}.Release|iPhone.Build.0 = Release|iPhone
		{1001895E-9F42-4D6A-AE69-08AF46CF2807}.Release|iPhoneSimulator.ActiveCfg = Release|iPhoneSimulator
		{1001895E-9F42-4D6A-AE69-08AF46CF2807}.Release|iPhoneSimulator.Build.0 = Release|iPhoneSimulator
		{1790427C-7D89-4D80-9253-89D366D54797}.Debug|Any CPU.ActiveCfg = Debug|Any CPU
		{1790427C-7D89-4D80-9253-89D366D54797}.Debug|Any CPU.Build.0 = Debug|Any CPU
		{1790427C-7D89-4D80-9253-89D366D54797}.Debug|iPhone.ActiveCfg = Debug|Any CPU
		{1790427C-7D89-4D80-9253-89D366D54797}.Debug|iPhone.Build.0 = Debug|Any CPU
		{1790427C-7D89-4D80-9253-89D366D54797}.Debug|iPhoneSimulator.ActiveCfg = Debug|Any CPU
		{1790427C-7D89-4D80-9253-89D366D54797}.Debug|iPhoneSimulator.Build.0 = Debug|Any CPU
		{1790427C-7D89-4D80-9253-89D366D54797}.Release|Any CPU.ActiveCfg = Release|Any CPU
		{1790427C-7D89-4D80-9253-89D366D54797}.Release|Any CPU.Build.0 = Release|Any CPU
		{1790427C-7D89-4D80-9253-89D366D54797}.Release|iPhone.ActiveCfg = Release|Any CPU
		{1790427C-7D89-4D80-9253-89D366D54797}.Release|iPhone.Build.0 = Release|Any CPU
		{1790427C-7D89-4D80-9253-89D366D54797}.Release|iPhoneSimulator.ActiveCfg = Release|Any CPU
		{1790427C-7D89-4D80-9253-89D366D54797}.Release|iPhoneSimulator.Build.0 = Release|Any CPU
		{95C3E9B9-ACDF-4412-AE4E-9A029D9989EF}.Debug|Any CPU.ActiveCfg = Debug|Any CPU
		{95C3E9B9-ACDF-4412-AE4E-9A029D9989EF}.Debug|Any CPU.Build.0 = Debug|Any CPU
		{95C3E9B9-ACDF-4412-AE4E-9A029D9989EF}.Debug|Any CPU.Deploy.0 = Debug|Any CPU
		{95C3E9B9-ACDF-4412-AE4E-9A029D9989EF}.Debug|iPhone.ActiveCfg = Debug|Any CPU
		{95C3E9B9-ACDF-4412-AE4E-9A029D9989EF}.Debug|iPhone.Build.0 = Debug|Any CPU
		{95C3E9B9-ACDF-4412-AE4E-9A029D9989EF}.Debug|iPhone.Deploy.0 = Debug|Any CPU
		{95C3E9B9-ACDF-4412-AE4E-9A029D9989EF}.Debug|iPhoneSimulator.ActiveCfg = Debug|Any CPU
		{95C3E9B9-ACDF-4412-AE4E-9A029D9989EF}.Debug|iPhoneSimulator.Build.0 = Debug|Any CPU
		{95C3E9B9-ACDF-4412-AE4E-9A029D9989EF}.Debug|iPhoneSimulator.Deploy.0 = Debug|Any CPU
		{95C3E9B9-ACDF-4412-AE4E-9A029D9989EF}.Release|Any CPU.ActiveCfg = Release|Any CPU
		{95C3E9B9-ACDF-4412-AE4E-9A029D9989EF}.Release|Any CPU.Build.0 = Release|Any CPU
		{95C3E9B9-ACDF-4412-AE4E-9A029D9989EF}.Release|Any CPU.Deploy.0 = Release|Any CPU
		{95C3E9B9-ACDF-4412-AE4E-9A029D9989EF}.Release|iPhone.ActiveCfg = Release|Any CPU
		{95C3E9B9-ACDF-4412-AE4E-9A029D9989EF}.Release|iPhone.Build.0 = Release|Any CPU
		{95C3E9B9-ACDF-4412-AE4E-9A029D9989EF}.Release|iPhone.Deploy.0 = Release|Any CPU
		{95C3E9B9-ACDF-4412-AE4E-9A029D9989EF}.Release|iPhoneSimulator.ActiveCfg = Release|Any CPU
		{95C3E9B9-ACDF-4412-AE4E-9A029D9989EF}.Release|iPhoneSimulator.Build.0 = Release|Any CPU
		{95C3E9B9-ACDF-4412-AE4E-9A029D9989EF}.Release|iPhoneSimulator.Deploy.0 = Release|Any CPU
	EndGlobalSection
	GlobalSection(SolutionProperties) = preSolution
		HideSolutionNode = FALSE
	EndGlobalSection
	GlobalSection(NestedProjects) = preSolution
		{A66F9700-65B4-40B9-9103-E2A024A6CB60} = {A639AB63-BFE4-4F71-9A18-0CD7A1E3D8F8}
		{E8F749B3-999D-4372-AB4A-7A14E94222EC} = {A639AB63-BFE4-4F71-9A18-0CD7A1E3D8F8}
		{1001895E-9F42-4D6A-AE69-08AF46CF2807} = {A639AB63-BFE4-4F71-9A18-0CD7A1E3D8F8}
		{1790427C-7D89-4D80-9253-89D366D54797} = {94DD9F16-C635-4C62-8EEB-6D4837A248AF}
		{95C3E9B9-ACDF-4412-AE4E-9A029D9989EF} = {94DD9F16-C635-4C62-8EEB-6D4837A248AF}
	EndGlobalSection
	GlobalSection(ExtensibilityGlobals) = postSolution
		SolutionGuid = {DBAFB4F3-C5AE-425E-8DAA-6E8F479C86E9}
	EndGlobalSection
EndGlobal
